
Microsoft Visual Studio Solution File, Format Version 12.00
# Visual Studio Version 16
VisualStudioVersion = 16.0.30711.63
MinimumVisualStudioVersion = 10.0.40219.1
Project("{FAE04EC0-301F-11D3-BF4B-00C04F79EFBC}") = "LocalizationInBlazor", "LocalizationInBlazor\LocalizationInBlazor.csproj", "{019A42A4-D2CD-4DA8-AF40-60CFB66D0024}"
EndProject
Global
	GlobalSection(SolutionConfigurationPlatforms) = preSolution
		Debug|Any CPU = Debug|Any CPU
		Release|Any CPU = Release|Any CPU
	EndGlobalSection
	GlobalSection(ProjectConfigurationPlatforms) = postSolution
		{019A42A4-D2CD-4DA8-AF40-60CFB66D0024}.Debug|Any CPU.ActiveCfg = Debug|Any CPU
		{019A42A4-D2CD-4DA8-AF40-60CFB66D0024}.Debug|Any CPU.Build.0 = Debug|Any CPU
		{019A42A4-D2CD-4DA8-AF40-60CFB66D0024}.Release|Any CPU.ActiveCfg = Release|Any CPU
		{019A42A4-D2CD-4DA8-AF40-60CFB66D0024}.Release|Any CPU.Build.0 = Release|Any CPU
	EndGlobalSection
	GlobalSection(SolutionProperties) = preSolution
		HideSolutionNode = FALSE
	EndGlobalSection
	GlobalSection(ExtensibilityGlobals) = postSolution
		SolutionGuid = {B8ED2EA9-EFE7-4727-996A-6FE1B19FB2AA}
	EndGlobalSection
EndGlobal
